
Microsoft Visual Studio Solution File, Format Version 12.00
# Visual Studio Version 16
VisualStudioVersion = 16.0.31424.327
MinimumVisualStudioVersion = 10.0.40219.1
Project("{FAE04EC0-301F-11D3-BF4B-00C04F79EFBC}") = "TerrariaLauncher.Commons.EventBus", "TerrariaLauncher.Commons.EventBus\TerrariaLauncher.Commons.EventBus.csproj", "{811B9AB9-34B8-4E01-877D-A02920A28ED9}"
EndProject
Project("{FAE04EC0-301F-11D3-BF4B-00C04F79EFBC}") = "TerrariaLauncher.Commons.EventBusRabbitMQ", "TerrariaLauncher.Commons.EventBusRabbitMQ\TerrariaLauncher.Commons.EventBusRabbitMQ.csproj", "{7CEBDBC3-0E87-4970-BBDA-FD55440688BB}"
EndProject
Global
	GlobalSection(SolutionConfigurationPlatforms) = preSolution
		Debug|Any CPU = Debug|Any CPU
		Release|Any CPU = Release|Any CPU
	EndGlobalSection
	GlobalSection(ProjectConfigurationPlatforms) = postSolution
		{811B9AB9-34B8-4E01-877D-A02920A28ED9}.Debug|Any CPU.ActiveCfg = Debug|Any CPU
		{811B9AB9-34B8-4E01-877D-A02920A28ED9}.Debug|Any CPU.Build.0 = Debug|Any CPU
		{811B9AB9-34B8-4E01-877D-A02920A28ED9}.Release|Any CPU.ActiveCfg = Release|Any CPU
		{811B9AB9-34B8-4E01-877D-A02920A28ED9}.Release|Any CPU.Build.0 = Release|Any CPU
		{7CEBDBC3-0E87-4970-BBDA-FD55440688BB}.Debug|Any CPU.ActiveCfg = Debug|Any CPU
		{7CEBDBC3-0E87-4970-BBDA-FD55440688BB}.Debug|Any CPU.Build.0 = Debug|Any CPU
		{7CEBDBC3-0E87-4970-BBDA-FD55440688BB}.Release|Any CPU.ActiveCfg = Release|Any CPU
		{7CEBDBC3-0E87-4970-BBDA-FD55440688BB}.Release|Any CPU.Build.0 = Release|Any CPU
	EndGlobalSection
	GlobalSection(SolutionProperties) = preSolution
		HideSolutionNode = FALSE
	EndGlobalSection
	GlobalSection(ExtensibilityGlobals) = postSolution
		SolutionGuid = {298449E0-1FCC-4FAD-9C99-59A2E078AABE}
	EndGlobalSection
EndGlobal
